
Microsoft Visual Studio Solution File, Format Version 12.00
# Visual Studio Version 17
VisualStudioVersion = 17.9.34701.34
MinimumVisualStudioVersion = 10.0.40219.1
Project("{FAE04EC0-301F-11D3-BF4B-00C04F79EFBC}") = "SWE03-Project-Althea", "SWE03-Project-Althea\SWE03-Project-Althea.csproj", "{F533C75E-4B97-40A0-96DE-1632B741F5C0}"
EndProject
Project("{FAE04EC0-301F-11D3-BF4B-00C04F79EFBC}") = "SEW03-Bosnia-Logic", "SEW03-Bosnia-Logic\SEW03-Bosnia-Logic.csproj", "{34301E37-76DC-41A3-A214-34BA0A77829A}"
EndProject
Global
	GlobalSection(SolutionConfigurationPlatforms) = preSolution
		Debug|Any CPU = Debug|Any CPU
		Release|Any CPU = Release|Any CPU
	EndGlobalSection
	GlobalSection(ProjectConfigurationPlatforms) = postSolution
		{F533C75E-4B97-40A0-96DE-1632B741F5C0}.Debug|Any CPU.ActiveCfg = Debug|Any CPU
		{F533C75E-4B97-40A0-96DE-1632B741F5C0}.Debug|Any CPU.Build.0 = Debug|Any CPU
		{F533C75E-4B97-40A0-96DE-1632B741F5C0}.Debug|Any CPU.Deploy.0 = Debug|Any CPU
		{F533C75E-4B97-40A0-96DE-1632B741F5C0}.Release|Any CPU.ActiveCfg = Release|Any CPU
		{F533C75E-4B97-40A0-96DE-1632B741F5C0}.Release|Any CPU.Build.0 = Release|Any CPU
		{F533C75E-4B97-40A0-96DE-1632B741F5C0}.Release|Any CPU.Deploy.0 = Release|Any CPU
		{34301E37-76DC-41A3-A214-34BA0A77829A}.Debug|Any CPU.ActiveCfg = Debug|Any CPU
		{34301E37-76DC-41A3-A214-34BA0A77829A}.Debug|Any CPU.Build.0 = Debug|Any CPU
		{34301E37-76DC-41A3-A214-34BA0A77829A}.Release|Any CPU.ActiveCfg = Release|Any CPU
		{34301E37-76DC-41A3-A214-34BA0A77829A}.Release|Any CPU.Build.0 = Release|Any CPU
	EndGlobalSection
	GlobalSection(SolutionProperties) = preSolution
		HideSolutionNode = FALSE
	EndGlobalSection
	GlobalSection(ExtensibilityGlobals) = postSolution
		SolutionGuid = {9CE96758-887A-46F3-9857-5A5AF04E327D}
	EndGlobalSection
EndGlobal
